
Microsoft Visual Studio Solution File, Format Version 12.00
# Visual Studio 15
VisualStudioVersion = 15.0.28307.168
MinimumVisualStudioVersion = 10.0.40219.1
Project("{FAE04EC0-301F-11D3-BF4B-00C04F79EFBC}") = "TeamPlayerManagementWithSearchApi", "TeamPlayerManagementWithSearchApi\TeamPlayerManagementWithSearchApi.csproj", "{FDC7B14E-134C-4335-A1F2-713E97610E56}"
EndProject
Global
	GlobalSection(SolutionConfigurationPlatforms) = preSolution
		Debug|Any CPU = Debug|Any CPU
		Release|Any CPU = Release|Any CPU
	EndGlobalSection
	GlobalSection(ProjectConfigurationPlatforms) = postSolution
		{FDC7B14E-134C-4335-A1F2-713E97610E56}.Debug|Any CPU.ActiveCfg = Debug|Any CPU
		{FDC7B14E-134C-4335-A1F2-713E97610E56}.Debug|Any CPU.Build.0 = Debug|Any CPU
		{FDC7B14E-134C-4335-A1F2-713E97610E56}.Release|Any CPU.ActiveCfg = Release|Any CPU
		{FDC7B14E-134C-4335-A1F2-713E97610E56}.Release|Any CPU.Build.0 = Release|Any CPU
	EndGlobalSection
	GlobalSection(SolutionProperties) = preSolution
		HideSolutionNode = FALSE
	EndGlobalSection
	GlobalSection(ExtensibilityGlobals) = postSolution
		SolutionGuid = {A1B5ACAB-E278-43FE-A259-BD0C2C756759}
	EndGlobalSection
EndGlobal
